# This file is automatically @generated by Cargo.
# It is not intended for manual editing.
version = 4

[[package]]
name = "silent-disco-core"
version = "0.1.0"

[[package]]
name = "silent-disco-ffi"
version = "0.1.0"
dependencies = [
 "silent-disco-core",
]

[[package]]
name = "silent-disco-test-support"
version = "0.1.0"
